
Microsoft Visual Studio Solution File, Format Version 12.00
# Visual Studio Version 17
VisualStudioVersion = 17.6.33513.286
MinimumVisualStudioVersion = 10.0.40219.1
Project("{FAE04EC0-301F-11D3-BF4B-00C04F79EFBC}") = "DrumPad.UWP", "DrumPad\DrumPad.UWP\DrumPad.UWP.csproj", "{139031F3-C052-4FF0-9ACC-E3D1C2330BC1}"
EndProject
Project("{FAE04EC0-301F-11D3-BF4B-00C04F79EFBC}") = "DrumPad.Android", "DrumPad\DrumPad.Android\DrumPad.Android.csproj", "{BDF98BAC-4A62-484F-AA06-6A2FAA8E99E7}"
EndProject
Project("{FAE04EC0-301F-11D3-BF4B-00C04F79EFBC}") = "DrumPad.iOS", "DrumPad\DrumPad.iOS\DrumPad.iOS.csproj", "{AF5BC03D-C674-43E7-991E-6154ECC6B50E}"
EndProject
Project("{FAE04EC0-301F-11D3-BF4B-00C04F79EFBC}") = "DrumPad", "DrumPad\DrumPad\DrumPad.csproj", "{33A765DF-CE94-4EE9-AA2F-3908B04F6F42}"
EndProject
Global
	GlobalSection(SolutionConfigurationPlatforms) = preSolution
		Debug|Any CPU = Debug|Any CPU
		Debug|ARM = Debug|ARM
		Debug|iPhone = Debug|iPhone
		Debug|iPhoneSimulator = Debug|iPhoneSimulator
		Debug|x64 = Debug|x64
		Debug|x86 = Debug|x86
		Release|Any CPU = Release|Any CPU
		Release|ARM = Release|ARM
		Release|iPhone = Release|iPhone
		Release|iPhoneSimulator = Release|iPhoneSimulator
		Release|x64 = Release|x64
		Release|x86 = Release|x86
	EndGlobalSection
	GlobalSection(ProjectConfigurationPlatforms) = postSolution
		{139031F3-C052-4FF0-9ACC-E3D1C2330BC1}.Debug|Any CPU.ActiveCfg = Debug|x64
		{139031F3-C052-4FF0-9ACC-E3D1C2330BC1}.Debug|Any CPU.Build.0 = Debug|x64
		{139031F3-C052-4FF0-9ACC-E3D1C2330BC1}.Debug|Any CPU.Deploy.0 = Debug|x64
		{139031F3-C052-4FF0-9ACC-E3D1C2330BC1}.Debug|ARM.ActiveCfg = Debug|ARM
		{139031F3-C052-4FF0-9ACC-E3D1C2330BC1}.Debug|ARM.Build.0 = Debug|ARM
		{139031F3-C052-4FF0-9ACC-E3D1C2330BC1}.Debug|ARM.Deploy.0 = Debug|ARM
		{139031F3-C052-4FF0-9ACC-E3D1C2330BC1}.Debug|iPhone.ActiveCfg = Debug|x64
		{139031F3-C052-4FF0-9ACC-E3D1C2330BC1}.Debug|iPhone.Build.0 = Debug|x64
		{139031F3-C052-4FF0-9ACC-E3D1C2330BC1}.Debug|iPhone.Deploy.0 = Debug|x64
		{139031F3-C052-4FF0-9ACC-E3D1C2330BC1}.Debug|iPhoneSimulator.ActiveCfg = Debug|x64
		{139031F3-C052-4FF0-9ACC-E3D1C2330BC1}.Debug|iPhoneSimulator.Build.0 = Debug|x64
		{139031F3-C052-4FF0-9ACC-E3D1C2330BC1}.Debug|iPhoneSimulator.Deploy.0 = Debug|x64
		{139031F3-C052-4FF0-9ACC-E3D1C2330BC1}.Debug|x64.ActiveCfg = Debug|x64
		{139031F3-C052-4FF0-9ACC-E3D1C2330BC1}.Debug|x64.Build.0 = Debug|x64
		{139031F3-C052-4FF0-9ACC-E3D1C2330BC1}.Debug|x64.Deploy.0 = Debug|x64
		{139031F3-C052-4FF0-9ACC-E3D1C2330BC1}.Debug|x86.ActiveCfg = Debug|x86
		{139031F3-C052-4FF0-9ACC-E3D1C2330BC1}.Debug|x86.Build.0 = Debug|x86
		{139031F3-C052-4FF0-9ACC-E3D1C2330BC1}.Debug|x86.Deploy.0 = Debug|x86
		{139031F3-C052-4FF0-9ACC-E3D1C2330BC1}.Release|Any CPU.ActiveCfg = Release|x64
		{139031F3-C052-4FF0-9ACC-E3D1C2330BC1}.Release|Any CPU.Build.0 = Release|x64
		{139031F3-C052-4FF0-9ACC-E3D1C2330BC1}.Release|Any CPU.Deploy.0 = Release|x64
		{139031F3-C052-4FF0-9ACC-E3D1C2330BC1}.Release|ARM.ActiveCfg = Release|ARM
		{139031F3-C052-4FF0-9ACC-E3D1C2330BC1}.Release|ARM.Build.0 = Release|ARM
		{139031F3-C052-4FF0-9ACC-E3D1C2330BC1}.Release|ARM.Deploy.0 = Release|ARM
		{139031F3-C052-4FF0-9ACC-E3D1C2330BC1}.Release|iPhone.ActiveCfg = Release|x64
		{139031F3-C052-4FF0-9ACC-E3D1C2330BC1}.Release|iPhone.Build.0 = Release|x64
		{139031F3-C052-4FF0-9ACC-E3D1C2330BC1}.Release|iPhone.Deploy.0 = Release|x64
		{139031F3-C052-4FF0-9ACC-E3D1C2330BC1}.Release|iPhoneSimulator.ActiveCfg = Release|x64
		{139031F3-C052-4FF0-9ACC-E3D1C2330BC1}.Release|iPhoneSimulator.Build.0 = Release|x64
		{139031F3-C052-4FF0-9ACC-E3D1C2330BC1}.Release|iPhoneSimulator.Deploy.0 = Release|x64
		{139031F3-C052-4FF0-9ACC-E3D1C2330BC1}.Release|x64.ActiveCfg = Release|x64
		{139031F3-C052-4FF0-9ACC-E3D1C2330BC1}.Release|x64.Build.0 = Release|x64
		{139031F3-C052-4FF0-9ACC-E3D1C2330BC1}.Release|x64.Deploy.0 = Release|x64
		{139031F3-C052-4FF0-9ACC-E3D1C2330BC1}.Release|x86.ActiveCfg = Release|x86
		{139031F3-C052-4FF0-9ACC-E3D1C2330BC1}.Release|x86.Build.0 = Release|x86
		{139031F3-C052-4FF0-9ACC-E3D1C2330BC1}.Release|x86.Deploy.0 = Release|x86
		{BDF98BAC-4A62-484F-AA06-6A2FAA8E99E7}.Debug|Any CPU.ActiveCfg = Debug|Any CPU
		{BDF98BAC-4A62-484F-AA06-6A2FAA8E99E7}.Debug|Any CPU.Build.0 = Debug|Any CPU
		{BDF98BAC-4A62-484F-AA06-6A2FAA8E99E7}.Debug|Any CPU.Deploy.0 = Debug|Any CPU
		{BDF98BAC-4A62-484F-AA06-6A2FAA8E99E7}.Debug|ARM.ActiveCfg = Debug|Any CPU
		{BDF98BAC-4A62-484F-AA06-6A2FAA8E99E7}.Debug|ARM.Build.0 = Debug|Any CPU
		{BDF98BAC-4A62-484F-AA06-6A2FAA8E99E7}.Debug|ARM.Deploy.0 = Debug|Any CPU
		{BDF98BAC-4A62-484F-AA06-6A2FAA8E99E7}.Debug|iPhone.ActiveCfg = Debug|Any CPU
		{BDF98BAC-4A62-484F-AA06-6A2FAA8E99E7}.Debug|iPhone.Build.0 = Debug|Any CPU
		{BDF98BAC-4A62-484F-AA06-6A2FAA8E99E7}.Debug|iPhone.Deploy.0 = Debug|Any CPU
		{BDF98BAC-4A62-484F-AA06-6A2FAA8E99E7}.Debug|iPhoneSimulator.ActiveCfg = Debug|Any CPU
		{BDF98BAC-4A62-484F-AA06-6A2FAA8E99E7}.Debug|iPhoneSimulator.Build.0 = Debug|Any CPU
		{BDF98BAC-4A62-484F-AA06-6A2FAA8E99E7}.Debug|iPhoneSimulator.Deploy.0 = Debug|Any CPU
		{BDF98BAC-4A62-484F-AA06-6A2FAA8E99E7}.Debug|x64.ActiveCfg = Debug|Any CPU
		{BDF98BAC-4A62-484F-AA06-6A2FAA8E99E7}.Debug|x64.Build.0 = Debug|Any CPU
		{BDF98BAC-4A62-484F-AA06-6A2FAA8E99E7}.Debug|x64.Deploy.0 = Debug|Any CPU
		{BDF98BAC-4A62-484F-AA06-6A2FAA8E99E7}.Debug|x86.ActiveCfg = Debug|Any CPU
		{BDF98BAC-4A62-484F-AA06-6A2FAA8E99E7}.Debug|x86.Build.0 = Debug|Any CPU
		{BDF98BAC-4A62-484F-AA06-6A2FAA8E99E7}.Debug|x86.Deploy.0 = Debug|Any CPU
		{BDF98BAC-4A62-484F-AA06-6A2FAA8E99E7}.Release|Any CPU.ActiveCfg = Release|Any CPU
		{BDF98BAC-4A62-484F-AA06-6A2FAA8E99E7}.Release|Any CPU.Build.0 = Release|Any CPU
		{BDF98BAC-4A62-484F-AA06-6A2FAA8E99E7}.Release|Any CPU.Deploy.0 = Release|Any CPU
		{BDF98BAC-4A62-484F-AA06-6A2FAA8E99E7}.Release|ARM.ActiveCfg = Release|Any CPU
		{BDF98BAC-4A62-484F-AA06-6A2FAA8E99E7}.Release|ARM.Build.0 = Release|Any CPU
		{BDF98BAC-4A62-484F-AA06-6A2FAA8E99E7}.Release|ARM.Deploy.0 = Release|Any CPU
		{BDF98BAC-4A62-484F-AA06-6A2FAA8E99E7}.Release|iPhone.ActiveCfg = Release|Any CPU
		{BDF98BAC-4A62-484F-AA06-6A2FAA8E99E7}.Release|iPhone.Build.0 = Release|Any CPU
		{BDF98BAC-4A62-484F-AA06-6A2FAA8E99E7}.Release|iPhone.Deploy.0 = Release|Any CPU
		{BDF98BAC-4A62-484F-AA06-6A2FAA8E99E7}.Release|iPhoneSimulator.ActiveCfg = Release|Any CPU
		{BDF98BAC-4A62-484F-AA06-6A2FAA8E99E7}.Release|iPhoneSimulator.Build.0 = Release|Any CPU
		{BDF98BAC-4A62-484F-AA06-6A2FAA8E99E7}.Release|iPhoneSimulator.Deploy.0 = Release|Any CPU
		{BDF98BAC-4A62-484F-AA06-6A2FAA8E99E7}.Release|x64.ActiveCfg = Release|Any CPU
		{BDF98BAC-4A62-484F-AA06-6A2FAA8E99E7}.Release|x64.Build.0 = Release|Any CPU
		{BDF98BAC-4A62-484F-AA06-6A2FAA8E99E7}.Release|x64.Deploy.0 = Release|Any CPU
		{BDF98BAC-4A62-484F-AA06-6A2FAA8E99E7}.Release|x86.ActiveCfg = Release|Any CPU
		{BDF98BAC-4A62-484F-AA06-6A2FAA8E99E7}.Release|x86.Build.0 = Release|Any CPU
		{BDF98BAC-4A62-484F-AA06-6A2FAA8E99E7}.Release|x86.Deploy.0 = Release|Any CPU
		{AF5BC03D-C674-43E7-991E-6154ECC6B50E}.Debug|Any CPU.ActiveCfg = Debug|iPhoneSimulator
		{AF5BC03D-C674-43E7-991E-6154ECC6B50E}.Debug|Any CPU.Build.0 = Debug|iPhoneSimulator
		{AF5BC03D-C674-43E7-991E-6154ECC6B50E}.Debug|Any CPU.Deploy.0 = Debug|iPhoneSimulator
		{AF5BC03D-C674-43E7-991E-6154ECC6B50E}.Debug|ARM.ActiveCfg = Debug|iPhoneSimulator
		{AF5BC03D-C674-43E7-991E-6154ECC6B50E}.Debug|ARM.Build.0 = Debug|iPhoneSimulator
		{AF5BC03D-C674-43E7-991E-6154ECC6B50E}.Debug|ARM.Deploy.0 = Debug|iPhoneSimulator
		{AF5BC03D-C674-43E7-991E-6154ECC6B50E}.Debug|iPhone.ActiveCfg = Debug|iPhone
		{AF5BC03D-C674-43E7-991E-6154ECC6B50E}.Debug|iPhone.Build.0 = Debug|iPhone
		{AF5BC03D-C674-43E7-991E-6154ECC6B50E}.Debug|iPhone.Deploy.0 = Debug|iPhone
		{AF5BC03D-C674-43E7-991E-6154ECC6B50E}.Debug|iPhoneSimulator.ActiveCfg = Debug|iPhoneSimulator
		{AF5BC03D-C674-43E7-991E-6154ECC6B50E}.Debug|iPhoneSimulator.Build.0 = Debug|iPhoneSimulator
		{AF5BC03D-C674-43E7-991E-6154ECC6B50E}.Debug|iPhoneSimulator.Deploy.0 = Debug|iPhoneSimulator
		{AF5BC03D-C674-43E7-991E-6154ECC6B50E}.Debug|x64.ActiveCfg = Debug|iPhone
		{AF5BC03D-C674-43E7-991E-6154ECC6B50E}.Debug|x64.Build.0 = Debug|iPhone
		{AF5BC03D-C674-43E7-991E-6154ECC6B50E}.Debug|x64.Deploy.0 = Debug|iPhone
		{AF5BC03D-C674-43E7-991E-6154ECC6B50E}.Debug|x86.ActiveCfg = Debug|iPhoneSimulator
		{AF5BC03D-C674-43E7-991E-6154ECC6B50E}.Debug|x86.Build.0 = Debug|iPhoneSimulator
		{AF5BC03D-C674-43E7-991E-6154ECC6B50E}.Debug|x86.Deploy.0 = Debug|iPhoneSimulator
		{AF5BC03D-C674-43E7-991E-6154ECC6B50E}.Release|Any CPU.ActiveCfg = Release|iPhoneSimulator
		{AF5BC03D-C674-43E7-991E-6154ECC6B50E}.Release|Any CPU.Build.0 = Release|iPhoneSimulator
		{AF5BC03D-C674-43E7-991E-6154ECC6B50E}.Release|Any CPU.Deploy.0 = Release|iPhoneSimulator
		{AF5BC03D-C674-43E7-991E-6154ECC6B50E}.Release|ARM.ActiveCfg = Release|iPhoneSimulator
		{AF5BC03D-C674-43E7-991E-6154ECC6B50E}.Release|ARM.Build.0 = Release|iPhoneSimulator
		{AF5BC03D-C674-43E7-991E-6154ECC6B50E}.Release|ARM.Deploy.0 = Release|iPhoneSimulator
		{AF5BC03D-C674-43E7-991E-6154ECC6B50E}.Release|iPhone.ActiveCfg = Release|iPhone
		{AF5BC03D-C674-43E7-991E-6154ECC6B50E}.Release|iPhone.Build.0 = Release|iPhone
		{AF5BC03D-C674-43E7-991E-6154ECC6B50E}.Release|iPhone.Deploy.0 = Release|iPhone
		{AF5BC03D-C674-43E7-991E-6154ECC6B50E}.Release|iPhoneSimulator.ActiveCfg = Release|iPhoneSimulator
		{AF5BC03D-C674-43E7-991E-6154ECC6B50E}.Release|iPhoneSimulator.Build.0 = Release|iPhoneSimulator
		{AF5BC03D-C674-43E7-991E-6154ECC6B50E}.Release|iPhoneSimulator.Deploy.0 = Release|iPhoneSimulator
		{AF5BC03D-C674-43E7-991E-6154ECC6B50E}.Release|x64.ActiveCfg = Release|iPhoneSimulator
		{AF5BC03D-C674-43E7-991E-6154ECC6B50E}.Release|x64.Build.0 = Release|iPhoneSimulator
		{AF5BC03D-C674-43E7-991E-6154ECC6B50E}.Release|x64.Deploy.0 = Release|iPhoneSimulator
		{AF5BC03D-C674-43E7-991E-6154ECC6B50E}.Release|x86.ActiveCfg = Release|iPhoneSimulator
		{AF5BC03D-C674-43E7-991E-6154ECC6B50E}.Release|x86.Build.0 = Release|iPhoneSimulator
		{AF5BC03D-C674-43E7-991E-6154ECC6B50E}.Release|x86.Deploy.0 = Release|iPhoneSimulator
		{33A765DF-CE94-4EE9-AA2F-3908B04F6F42}.Debug|Any CPU.ActiveCfg = Debug|Any CPU
		{33A765DF-CE94-4EE9-AA2F-3908B04F6F42}.Debug|Any CPU.Build.0 = Debug|Any CPU
		{33A765DF-CE94-4EE9-AA2F-3908B04F6F42}.Debug|Any CPU.Deploy.0 = Debug|Any CPU
		{33A765DF-CE94-4EE9-AA2F-3908B04F6F42}.Debug|ARM.ActiveCfg = Debug|Any CPU
		{33A765DF-CE94-4EE9-AA2F-3908B04F6F42}.Debug|ARM.Build.0 = Debug|Any CPU
		{33A765DF-CE94-4EE9-AA2F-3908B04F6F42}.Debug|ARM.Deploy.0 = Debug|Any CPU
		{33A765DF-CE94-4EE9-AA2F-3908B04F6F42}.Debug|iPhone.ActiveCfg = Debug|Any CPU
		{33A765DF-CE94-4EE9-AA2F-3908B04F6F42}.Debug|iPhone.Build.0 = Debug|Any CPU
		{33A765DF-CE94-4EE9-AA2F-3908B04F6F42}.Debug|iPhone.Deploy.0 = Debug|Any CPU
		{33A765DF-CE94-4EE9-AA2F-3908B04F6F42}.Debug|iPhoneSimulator.ActiveCfg = Debug|Any CPU
		{33A765DF-CE94-4EE9-AA2F-3908B04F6F42}.Debug|iPhoneSimulator.Build.0 = Debug|Any CPU
		{33A765DF-CE94-4EE9-AA2F-3908B04F6F42}.Debug|iPhoneSimulator.Deploy.0 = Debug|Any CPU
		{33A765DF-CE94-4EE9-AA2F-3908B04F6F42}.Debug|x64.ActiveCfg = Debug|Any CPU
		{33A765DF-CE94-4EE9-AA2F-3908B04F6F42}.Debug|x64.Build.0 = Debug|Any CPU
		{33A765DF-CE94-4EE9-AA2F-3908B04F6F42}.Debug|x64.Deploy.0 = Debug|Any CPU
		{33A765DF-CE94-4EE9-AA2F-3908B04F6F42}.Debug|x86.ActiveCfg = Debug|Any CPU
		{33A765DF-CE94-4EE9-AA2F-3908B04F6F42}.Debug|x86.Build.0 = Debug|Any CPU
		{33A765DF-CE94-4EE9-AA2F-3908B04F6F42}.Debug|x86.Deploy.0 = Debug|Any CPU
		{33A765DF-CE94-4EE9-AA2F-3908B04F6F42}.Release|Any CPU.ActiveCfg = Release|Any CPU
		{33A765DF-CE94-4EE9-AA2F-3908B04F6F42}.Release|Any CPU.Build.0 = Release|Any CPU
		{33A765DF-CE94-4EE9-AA2F-3908B04F6F42}.Release|Any CPU.Deploy.0 = Release|Any CPU
		{33A765DF-CE94-4EE9-AA2F-3908B04F6F42}.Release|ARM.ActiveCfg = Release|Any CPU
		{33A765DF-CE94-4EE9-AA2F-3908B04F6F42}.Release|ARM.Build.0 = Release|Any CPU
		{33A765DF-CE94-4EE9-AA2F-3908B04F6F42}.Release|ARM.Deploy.0 = Release|Any CPU
		{33A765DF-CE94-4EE9-AA2F-3908B04F6F42}.Release|iPhone.ActiveCfg = Release|Any CPU
		{33A765DF-CE94-4EE9-AA2F-3908B04F6F42}.Release|iPhone.Build.0 = Release|Any CPU
		{33A765DF-CE94-4EE9-AA2F-3908B04F6F42}.Release|iPhone.Deploy.0 = Release|Any CPU
		{33A765DF-CE94-4EE9-AA2F-3908B04F6F42}.Release|iPhoneSimulator.ActiveCfg = Release|Any CPU
		{33A765DF-CE94-4EE9-AA2F-3908B04F6F42}.Release|iPhoneSimulator.Build.0 = Release|Any CPU
		{33A765DF-CE94-4EE9-AA2F-3908B04F6F42}.Release|iPhoneSimulator.Deploy.0 = Release|Any CPU
		{33A765DF-CE94-4EE9-AA2F-3908B04F6F42}.Release|x64.ActiveCfg = Release|Any CPU
		{33A765DF-CE94-4EE9-AA2F-3908B04F6F42}.Release|x64.Build.0 = Release|Any CPU
		{33A765DF-CE94-4EE9-AA2F-3908B04F6F42}.Release|x64.Deploy.0 = Release|Any CPU
		{33A765DF-CE94-4EE9-AA2F-3908B04F6F42}.Release|x86.ActiveCfg = Release|Any CPU
		{33A765DF-CE94-4EE9-AA2F-3908B04F6F42}.Release|x86.Build.0 = Release|Any CPU
		{33A765DF-CE94-4EE9-AA2F-3908B04F6F42}.Release|x86.Deploy.0 = Release|Any CPU
	EndGlobalSection
	GlobalSection(SolutionProperties) = preSolution
		HideSolutionNode = FALSE
	EndGlobalSection
	GlobalSection(ExtensibilityGlobals) = postSolution
		SolutionGuid = {3D2ED665-0E04-49C2-88E3-EB6C72735CFB}
	EndGlobalSection
EndGlobal
